
Microsoft Visual Studio Solution File, Format Version 12.00
# Visual Studio Version 17
VisualStudioVersion = 17.3.32929.385
MinimumVisualStudioVersion = 10.0.40219.1
Project("{FAE04EC0-301F-11D3-BF4B-00C04F79EFBC}") = "BSPlaylistEditor", "BSPlaylistEditor\BSPlaylistEditor.csproj", "{D5FC67F7-DEEF-4739-B7DE-5691CC49374C}"
EndProject
Global
	GlobalSection(SolutionConfigurationPlatforms) = preSolution
		Debug|Any CPU = Debug|Any CPU
		Release|Any CPU = Release|Any CPU
	EndGlobalSection
	GlobalSection(ProjectConfigurationPlatforms) = postSolution
		{D5FC67F7-DEEF-4739-B7DE-5691CC49374C}.Debug|Any CPU.ActiveCfg = Debug|Any CPU
		{D5FC67F7-DEEF-4739-B7DE-5691CC49374C}.Debug|Any CPU.Build.0 = Debug|Any CPU
		{D5FC67F7-DEEF-4739-B7DE-5691CC49374C}.Release|Any CPU.ActiveCfg = Release|Any CPU
		{D5FC67F7-DEEF-4739-B7DE-5691CC49374C}.Release|Any CPU.Build.0 = Release|Any CPU
	EndGlobalSection
	GlobalSection(SolutionProperties) = preSolution
		HideSolutionNode = FALSE
	EndGlobalSection
	GlobalSection(ExtensibilityGlobals) = postSolution
		SolutionGuid = {89B7F387-2FAA-4F6E-844B-DC1484DD8502}
	EndGlobalSection
EndGlobal
